
Microsoft Visual Studio Solution File, Format Version 12.00
# Visual Studio 14
VisualStudioVersion = 14.0.25420.1
MinimumVisualStudioVersion = 10.0.40219.1
Project("{FAE04EC0-301F-11D3-BF4B-00C04F79EFBC}") = "SoongSil_University_Csharp", "SoongSil_University_Csharp.csproj", "{132D9354-51FF-4771-80D3-21A3CEC081A9}"
EndProject
Project("{FAE04EC0-301F-11D3-BF4B-00C04F79EFBC}") = "InternalTest", "InternalTest\InternalTest.csproj", "{6E3F4A82-9F76-4C8A-B603-79A0D834FC88}"
EndProject
Project("{FAE04EC0-301F-11D3-BF4B-00C04F79EFBC}") = "Week9", "Week9\Week9.csproj", "{F438D2BE-23F5-4D9B-A2DE-D1167D46A601}"
EndProject
Project("{FAE04EC0-301F-11D3-BF4B-00C04F79EFBC}") = "WinForms", "WinForms\WinForms.csproj", "{7F5E50F1-F6DA-4D96-8CA0-BB89489B7CEE}"
EndProject
Global
	GlobalSection(SolutionConfigurationPlatforms) = preSolution
		Debug|Any CPU = Debug|Any CPU
		Release|Any CPU = Release|Any CPU
	EndGlobalSection
	GlobalSection(ProjectConfigurationPlatforms) = postSolution
		{132D9354-51FF-4771-80D3-21A3CEC081A9}.Debug|Any CPU.ActiveCfg = Debug|Any CPU
		{132D9354-51FF-4771-80D3-21A3CEC081A9}.Debug|Any CPU.Build.0 = Debug|Any CPU
		{132D9354-51FF-4771-80D3-21A3CEC081A9}.Release|Any CPU.ActiveCfg = Release|Any CPU
		{132D9354-51FF-4771-80D3-21A3CEC081A9}.Release|Any CPU.Build.0 = Release|Any CPU
		{6E3F4A82-9F76-4C8A-B603-79A0D834FC88}.Debug|Any CPU.ActiveCfg = Debug|Any CPU
		{6E3F4A82-9F76-4C8A-B603-79A0D834FC88}.Debug|Any CPU.Build.0 = Debug|Any CPU
		{6E3F4A82-9F76-4C8A-B603-79A0D834FC88}.Release|Any CPU.ActiveCfg = Release|Any CPU
		{6E3F4A82-9F76-4C8A-B603-79A0D834FC88}.Release|Any CPU.Build.0 = Release|Any CPU
		{F438D2BE-23F5-4D9B-A2DE-D1167D46A601}.Debug|Any CPU.ActiveCfg = Debug|Any CPU
		{F438D2BE-23F5-4D9B-A2DE-D1167D46A601}.Debug|Any CPU.Build.0 = Debug|Any CPU
		{F438D2BE-23F5-4D9B-A2DE-D1167D46A601}.Release|Any CPU.ActiveCfg = Release|Any CPU
		{F438D2BE-23F5-4D9B-A2DE-D1167D46A601}.Release|Any CPU.Build.0 = Release|Any CPU
		{7F5E50F1-F6DA-4D96-8CA0-BB89489B7CEE}.Debug|Any CPU.ActiveCfg = Debug|Any CPU
		{7F5E50F1-F6DA-4D96-8CA0-BB89489B7CEE}.Debug|Any CPU.Build.0 = Debug|Any CPU
		{7F5E50F1-F6DA-4D96-8CA0-BB89489B7CEE}.Release|Any CPU.ActiveCfg = Release|Any CPU
		{7F5E50F1-F6DA-4D96-8CA0-BB89489B7CEE}.Release|Any CPU.Build.0 = Release|Any CPU
	EndGlobalSection
	GlobalSection(SolutionProperties) = preSolution
		HideSolutionNode = FALSE
	EndGlobalSection
EndGlobal
